// !$*UTF8*$!
{
	archiveVersion = 1;
	classes = {
	};
	objectVersion = 51;
	objects = {

/* Begin PBXBuildFile section */
		161C5516248A4003002C14B5 /* AppDelegate.swift in Sources */ = {isa = PBXBuildFile; fileRef = 161C5515248A4003002C14B5 /* AppDelegate.swift */; };
		161C5518248A4003002C14B5 /* SceneDelegate.swift in Sources */ = {isa = PBXBuildFile; fileRef = 161C5517248A4003002C14B5 /* SceneDelegate.swift */; };
		161C551A248A4003002C14B5 /* ViewController.swift in Sources */ = {isa = PBXBuildFile; fileRef = 161C5519248A4003002C14B5 /* ViewController.swift */; };
		161C551D248A4003002C14B5 /* Main.storyboard in Resources */ = {isa = PBXBuildFile; fileRef = 161C551B248A4003002C14B5 /* Main.storyboard */; };
		161C551F248A4009002C14B5 /* Assets.xcassets in Resources */ = {isa = PBXBuildFile; fileRef = 161C551E248A4009002C14B5 /* Assets.xcassets */; };
		161C5522248A4009002C14B5 /* LaunchScreen.storyboard in Resources */ = {isa = PBXBuildFile; fileRef = 161C5520248A4009002C14B5 /* LaunchScreen.storyboard */; };
		161C552A248A40CE002C14B5 /* flickerImageCell.swift in Sources */ = {isa = PBXBuildFile; fileRef = 161C5529248A40CE002C14B5 /* flickerImageCell.swift */; };
		161C552F248A40F4002C14B5 /* flickerImageModel.swift in Sources */ = {isa = PBXBuildFile; fileRef = 161C552E248A40F4002C14B5 /* flickerImageModel.swift */; };
		161C5532248A418A002C14B5 /* UPCarouselFlowLayout.swift in Sources */ = {isa = PBXBuildFile; fileRef = 161C5531248A418A002C14B5 /* UPCarouselFlowLayout.swift */; };
		161C5535248A41C5002C14B5 /* FlickerImageVM.swift in Sources */ = {isa = PBXBuildFile; fileRef = 161C5534248A41C5002C14B5 /* FlickerImageVM.swift */; };
		161C5538248A4610002C14B5 /* ImageCacheAndDownload.swift in Sources */ = {isa = PBXBuildFile; fileRef = 161C5537248A4610002C14B5 /* ImageCacheAndDownload.swift */; };
		161C553C248AF613002C14B5 /* ImageVC.swift in Sources */ = {isa = PBXBuildFile; fileRef = 161C553B248AF613002C14B5 /* ImageVC.swift */; };
		CD2E506DA2442AB16D6D0B5F /* Pods_AppCentIntershipProject.framework in Frameworks */ = {isa = PBXBuildFile; fileRef = 4B3F9681957B271B3A2C42D5 /* Pods_AppCentIntershipProject.framework */; };
/* End PBXBuildFile section */

/* Begin PBXFileReference section */
		161C5512248A4003002C14B5 /* AppCentIntershipProject.app */ = {isa = PBXFileReference; explicitFileType = wrapper.application; includeInIndex = 0; path = AppCentIntershipProject.app; sourceTree = BUILT_PRODUCTS_DIR; };
		161C5515248A4003002C14B5 /* AppDelegate.swift */ = {isa = PBXFileReference; lastKnownFileType = sourcecode.swift; path = AppDelegate.swift; sourceTree = "<group>"; };
		161C5517248A4003002C14B5 /* SceneDelegate.swift */ = {isa = PBXFileReference; lastKnownFileType = sourcecode.swift; path = SceneDelegate.swift; sourceTree = "<group>"; };
		161C5519248A4003002C14B5 /* ViewController.swift */ = {isa = PBXFileReference; lastKnownFileType = sourcecode.swift; path = ViewController.swift; sourceTree = "<group>"; };
		161C551C248A4003002C14B5 /* Base */ = {isa = PBXFileReference; lastKnownFileType = file.storyboard; name = Base; path = Base.lproj/Main.storyboard; sourceTree = "<group>"; };
		161C551E248A4009002C14B5 /* Assets.xcassets */ = {isa = PBXFileReference; lastKnownFileType = folder.assetcatalog; path = Assets.xcassets; sourceTree = "<group>"; };
		161C5521248A4009002C14B5 /* Base */ = {isa = PBXFileReference; lastKnownFileType = file.storyboard; name = Base; path = Base.lproj/LaunchScreen.storyboard; sourceTree = "<group>"; };
		161C5523248A4009002C14B5 /* Info.plist */ = {isa = PBXFileReference; lastKnownFileType = text.plist.xml; path = Info.plist; sourceTree = "<group>"; };
		161C5529248A40CE002C14B5 /* flickerImageCell.swift */ = {isa = PBXFileReference; lastKnownFileType = sourcecode.swift; path = flickerImageCell.swift; sourceTree = "<group>"; };
		161C552E248A40F4002C14B5 /* flickerImageModel.swift */ = {isa = PBXFileReference; lastKnownFileType = sourcecode.swift; path = flickerImageModel.swift; sourceTree = "<group>"; };
		161C5531248A418A002C14B5 /* UPCarouselFlowLayout.swift */ = {isa = PBXFileReference; fileEncoding = 4; lastKnownFileType = sourcecode.swift; path = UPCarouselFlowLayout.swift; sourceTree = "<group>"; };
		161C5534248A41C5002C14B5 /* FlickerImageVM.swift */ = {isa = PBXFileReference; lastKnownFileType = sourcecode.swift; path = FlickerImageVM.swift; sourceTree = "<group>"; };
		161C5537248A4610002C14B5 /* ImageCacheAndDownload.swift */ = {isa = PBXFileReference; fileEncoding = 4; lastKnownFileType = sourcecode.swift; path = ImageCacheAndDownload.swift; sourceTree = "<group>"; };
		161C553B248AF613002C14B5 /* ImageVC.swift */ = {isa = PBXFileReference; lastKnownFileType = sourcecode.swift; path = ImageVC.swift; sourceTree = "<group>"; };
		4B3F9681957B271B3A2C42D5 /* Pods_AppCentIntershipProject.framework */ = {isa = PBXFileReference; explicitFileType = wrapper.framework; includeInIndex = 0; path = Pods_AppCentIntershipProject.framework; sourceTree = BUILT_PRODUCTS_DIR; };
		4DBE80DCB7D32556EAF51E04 /* Pods-AppCentIntershipProject.release.xcconfig */ = {isa = PBXFileReference; includeInIndex = 1; lastKnownFileType = text.xcconfig; name = "Pods-AppCentIntershipProject.release.xcconfig"; path = "Target Support Files/Pods-AppCentIntershipProject/Pods-AppCentIntershipProject.release.xcconfig"; sourceTree = "<group>"; };
		FB8681FE439766C92F2930F5 /* Pods-AppCentIntershipProject.debug.xcconfig */ = {isa = PBXFileReference; includeInIndex = 1; lastKnownFileType = text.xcconfig; name = "Pods-AppCentIntershipProject.debug.xcconfig"; path = "Target Support Files/Pods-AppCentIntershipProject/Pods-AppCentIntershipProject.debug.xcconfig"; sourceTree = "<group>"; };
/* End PBXFileReference section */

/* Begin PBXFrameworksBuildPhase section */
		161C550F248A4003002C14B5 /* Frameworks */ = {
			isa = PBXFrameworksBuildPhase;
			buildActionMask = 2147483647;
			files = (
				CD2E506DA2442AB16D6D0B5F /* Pods_AppCentIntershipProject.framework in Frameworks */,
			);
			runOnlyForDeploymentPostprocessing = 0;
		};
/* End PBXFrameworksBuildPhase section */

/* Begin PBXGroup section */
		0CD8A0B7C538C7F22DE73F81 /* Frameworks */ = {
			isa = PBXGroup;
			children = (
				4B3F9681957B271B3A2C42D5 /* Pods_AppCentIntershipProject.framework */,
			);
			name = Frameworks;
			sourceTree = "<group>";
		};
		161C5509248A4003002C14B5 = {
			isa = PBXGroup;
			children = (
				161C5514248A4003002C14B5 /* AppCentIntershipProject */,
				161C5513248A4003002C14B5 /* Products */,
				1B191667DA81977F106701F5 /* Pods */,
				0CD8A0B7C538C7F22DE73F81 /* Frameworks */,
			);
			sourceTree = "<group>";
		};
		161C5513248A4003002C14B5 /* Products */ = {
			isa = PBXGroup;
			children = (
				161C5512248A4003002C14B5 /* AppCentIntershipProject.app */,
			);
			name = Products;
			sourceTree = "<group>";
		};
		161C5514248A4003002C14B5 /* AppCentIntershipProject */ = {
			isa = PBXGroup;
			children = (
				161C5536248A45F9002C14B5 /* ImageCache&Download */,
				161C5533248A41AE002C14B5 /* ViewModel */,
				161C5530248A4126002C14B5 /* CollectionViewFlowLayout */,
				161C552D248A40E6002C14B5 /* Model */,
				161C552C248A40D9002C14B5 /* Controller */,
				161C552B248A40D2002C14B5 /* View */,
				161C5515248A4003002C14B5 /* AppDelegate.swift */,
				161C5517248A4003002C14B5 /* SceneDelegate.swift */,
				161C551B248A4003002C14B5 /* Main.storyboard */,
				161C551E248A4009002C14B5 /* Assets.xcassets */,
				161C5520248A4009002C14B5 /* LaunchScreen.storyboard */,
				161C5523248A4009002C14B5 /* Info.plist */,
			);
			path = AppCentIntershipProject;
			sourceTree = "<group>";
		};
		161C552B248A40D2002C14B5 /* View */ = {
			isa = PBXGroup;
			children = (
				161C5529248A40CE002C14B5 /* flickerImageCell.swift */,
			);
			path = View;
			sourceTree = "<group>";
		};
		161C552C248A40D9002C14B5 /* Controller */ = {
			isa = PBXGroup;
			children = (
				161C5519248A4003002C14B5 /* ViewController.swift */,
				161C553B248AF613002C14B5 /* ImageVC.swift */,
			);
			path = Controller;
			sourceTree = "<group>";
		};
		161C552D248A40E6002C14B5 /* Model */ = {
			isa = PBXGroup;
			children = (
				161C552E248A40F4002C14B5 /* flickerImageModel.swift */,
			);
			path = Model;
			sourceTree = "<group>";
		};
		161C5530248A4126002C14B5 /* CollectionViewFlowLayout */ = {
			isa = PBXGroup;
			children = (
				161C5531248A418A002C14B5 /* UPCarouselFlowLayout.swift */,
			);
			path = CollectionViewFlowLayout;
			sourceTree = "<group>";
		};
		161C5533248A41AE002C14B5 /* ViewModel */ = {
			isa = PBXGroup;
			children = (
				161C5534248A41C5002C14B5 /* FlickerImageVM.swift */,
			);
			path = ViewModel;
			sourceTree = "<group>";
		};
		161C5536248A45F9002C14B5 /* ImageCache&Download */ = {
			isa = PBXGroup;
			children = (
				161C5537248A4610002C14B5 /* ImageCacheAndDownload.swift */,
			);
			path = "ImageCache&Download";
			sourceTree = "<group>";
		};
		1B191667DA81977F106701F5 /* Pods */ = {
			isa = PBXGroup;
			children = (
				FB8681FE439766C92F2930F5 /* Pods-AppCentIntershipProject.debug.xcconfig */,
				4DBE80DCB7D32556EAF51E04 /* Pods-AppCentIntershipProject.release.xcconfig */,
			);
			path = Pods;
			sourceTree = "<group>";
		};
/* End PBXGroup section */

/* Begin PBXNativeTarget section */
		161C5511248A4003002C14B5 /* AppCentIntershipProject */ = {
			isa = PBXNativeTarget;
			buildConfigurationList = 161C5526248A4009002C14B5 /* Build configuration list for PBXNativeTarget "AppCentIntershipProject" */;
			buildPhases = (
				056E617A46B327FAA44BE40E /* [CP] Check Pods Manifest.lock */,
				161C550E248A4003002C14B5 /* Sources */,
				161C550F248A4003002C14B5 /* Frameworks */,
				161C5510248A4003002C14B5 /* Resources */,
				55AE3D042B86583053195A96 /* [CP] Embed Pods Frameworks */,
			);
			buildRules = (
			);
			dependencies = (
			);
			name = AppCentIntershipProject;
			productName = AppCentIntershipProject;
			productReference = 161C5512248A4003002C14B5 /* AppCentIntershipProject.app */;
			productType = "com.apple.product-type.application";
		};
/* End PBXNativeTarget section */

/* Begin PBXProject section */
		161C550A248A4003002C14B5 /* Project object */ = {
			isa = PBXProject;
			attributes = {
				LastSwiftUpdateCheck = 1140;
				LastUpgradeCheck = 1140;
				ORGANIZATIONNAME = "Sevval Armagan";
				TargetAttributes = {
					161C5511248A4003002C14B5 = {
						CreatedOnToolsVersion = 11.4.1;
					};
				};
			};
			buildConfigurationList = 161C550D248A4003002C14B5 /* Build configuration list for PBXProject "AppCentIntershipProject" */;
			compatibilityVersion = "Xcode 9.3";
			developmentRegion = en;
			hasScannedForEncodings = 0;
			knownRegions = (
				en,
				Base,
			);
			mainGroup = 161C5509248A4003002C14B5;
			productRefGroup = 161C5513248A4003002C14B5 /* Products */;
			projectDirPath = "";
			projectRoot = "";
			targets = (
				161C5511248A4003002C14B5 /* AppCentIntershipProject */,
			);
		};
/* End PBXProject section */

/* Begin PBXResourcesBuildPhase section */
		161C5510248A4003002C14B5 /* Resources */ = {
			isa = PBXResourcesBuildPhase;
			buildActionMask = 2147483647;
			files = (
				161C5522248A4009002C14B5 /* LaunchScreen.storyboard in Resources */,
				161C551F248A4009002C14B5 /* Assets.xcassets in Resources */,
				161C551D248A4003002C14B5 /* Main.storyboard in Resources */,
			);
			runOnlyForDeploymentPostprocessing = 0;
		};
/* End PBXResourcesBuildPhase section */

/* Begin PBXShellScriptBuildPhase section */
		056E617A46B327FAA44BE40E /* [CP] Check Pods Manifest.lock */ = {
			isa = PBXShellScriptBuildPhase;
			buildActionMask = 2147483647;
			files = (
			);
			inputFileListPaths = (
			);
			inputPaths = (
				"${PODS_PODFILE_DIR_PATH}/Podfile.lock",
				"${PODS_ROOT}/Manifest.lock",
			);
			name = "[CP] Check Pods Manifest.lock";
			outputFileListPaths = (
			);
			outputPaths = (
				"$(DERIVED_FILE_DIR)/Pods-AppCentIntershipProject-checkManifestLockResult.txt",
			);
			runOnlyForDeploymentPostprocessing = 0;
			shellPath = /bin/sh;
			shellScript = "diff \"${PODS_PODFILE_DIR_PATH}/Podfile.lock\" \"${PODS_ROOT}/Manifest.lock\" > /dev/null\nif [ $? != 0 ] ; then\n    # print error to STDERR\n    echo \"error: The sandbox is not in sync with the Podfile.lock. Run 'pod install' or update your CocoaPods installation.\" >&2\n    exit 1\nfi\n# This output is used by Xcode 'outputs' to avoid re-running this script phase.\necho \"SUCCESS\" > \"${SCRIPT_OUTPUT_FILE_0}\"\n";
			showEnvVarsInLog = 0;
		};
		55AE3D042B86583053195A96 /* [CP] Embed Pods Frameworks */ = {
			isa = PBXShellScriptBuildPhase;
			buildActionMask = 2147483647;
			files = (
			);
			inputFileListPaths = (
				"${PODS_ROOT}/Target Support Files/Pods-AppCentIntershipProject/Pods-AppCentIntershipProject-frameworks-${CONFIGURATION}-input-files.xcfilelist",
			);
			name = "[CP] Embed Pods Frameworks";
			outputFileListPaths = (
				"${PODS_ROOT}/Target Support Files/Pods-AppCentIntershipProject/Pods-AppCentIntershipProject-frameworks-${CONFIGURATION}-output-files.xcfilelist",
			);
			runOnlyForDeploymentPostprocessing = 0;
			shellPath = /bin/sh;
			shellScript = "\"${PODS_ROOT}/Target Support Files/Pods-AppCentIntershipProject/Pods-AppCentIntershipProject-frameworks.sh\"\n";
			showEnvVarsInLog = 0;
		};
/* End PBXShellScriptBuildPhase section */

/* Begin PBXSourcesBuildPhase section */
		161C550E248A4003002C14B5 /* Sources */ = {
			isa = PBXSourcesBuildPhase;
			buildActionMask = 2147483647;
			files = (
				161C5538248A4610002C14B5 /* ImageCacheAndDownload.swift in Sources */,
				161C552A248A40CE002C14B5 /* flickerImageCell.swift in Sources */,
				161C5535248A41C5002C14B5 /* FlickerImageVM.swift in Sources */,
				161C551A248A4003002C14B5 /* ViewController.swift in Sources */,
				161C5532248A418A002C14B5 /* UPCarouselFlowLayout.swift in Sources */,
				161C5516248A4003002C14B5 /* AppDelegate.swift in Sources */,
				161C5518248A4003002C14B5 /* SceneDelegate.swift in Sources */,
				161C552F248A40F4002C14B5 /* flickerImageModel.swift in Sources */,
				161C553C248AF613002C14B5 /* ImageVC.swift in Sources */,
			);
			runOnlyForDeploymentPostprocessing = 0;
		};
/* End PBXSourcesBuildPhase section */

/* Begin PBXVariantGroup section */
		161C551B248A4003002C14B5 /* Main.storyboard */ = {
			isa = PBXVariantGroup;
			children = (
				161C551C248A4003002C14B5 /* Base */,
			);
			name = Main.storyboard;
			sourceTree = "<group>";
		};
		161C5520248A4009002C14B5 /* LaunchScreen.storyboard */ = {
			isa = PBXVariantGroup;
			children = (
				161C5521248A4009002C14B5 /* Base */,
			);
			name = LaunchScreen.storyboard;
			sourceTree = "<group>";
		};
/* End PBXVariantGroup section */

/* Begin XCBuildConfiguration section */
		161C5524248A4009002C14B5 /* Debug */ = {
			isa = XCBuildConfiguration;
			buildSettings = {
				ALWAYS_SEARCH_USER_PATHS = NO;
				CLANG_ANALYZER_NONNULL = YES;
				CLANG_ANALYZER_NUMBER_OBJECT_CONVERSION = YES_AGGRESSIVE;
				CLANG_CXX_LANGUAGE_STANDARD = "gnu++14";
				CLANG_CXX_LIBRARY = "libc++";
				CLANG_ENABLE_MODULES = YES;
				CLANG_ENABLE_OBJC_ARC = YES;
				CLANG_ENABLE_OBJC_WEAK = YES;
				CLANG_WARN_BLOCK_CAPTURE_AUTORELEASING = YES;
				CLANG_WARN_BOOL_CONVERSION = YES;
				CLANG_WARN_COMMA = YES;
				CLANG_WARN_CONSTANT_CONVERSION = YES;
				CLANG_WARN_DEPRECATED_OBJC_IMPLEMENTATIONS = YES;
				CLANG_WARN_DIRECT_OBJC_ISA_USAGE = YES_ERROR;
				CLANG_WARN_DOCUMENTATION_COMMENTS = YES;
				CLANG_WARN_EMPTY_BODY = YES;
				CLANG_WARN_ENUM_CONVERSION = YES;
				CLANG_WARN_INFINITE_RECURSION = YES;
				CLANG_WARN_INT_CONVERSION = YES;
				CLANG_WARN_NON_LITERAL_NULL_CONVERSION = YES;
				CLANG_WARN_OBJC_IMPLICIT_RETAIN_SELF = YES;
				CLANG_WARN_OBJC_LITERAL_CONVERSION = YES;
				CLANG_WARN_OBJC_ROOT_CLASS = YES_ERROR;
				CLANG_WARN_RANGE_LOOP_ANALYSIS = YES;
				CLANG_WARN_STRICT_PROTOTYPES = YES;
				CLANG_WARN_SUSPICIOUS_MOVE = YES;
				CLANG_WARN_UNGUARDED_AVAILABILITY = YES_AGGRESSIVE;
				CLANG_WARN_UNREACHABLE_CODE = YES;
				CLANG_WARN__DUPLICATE_METHOD_MATCH = YES;
				COPY_PHASE_STRIP = NO;
				DEBUG_INFORMATION_FORMAT = dwarf;
				ENABLE_STRICT_OBJC_MSGSEND = YES;
				ENABLE_TESTABILITY = YES;
				GCC_C_LANGUAGE_STANDARD = gnu11;
				GCC_DYNAMIC_NO_PIC = NO;
				GCC_NO_COMMON_BLOCKS = YES;
				GCC_OPTIMIZATION_LEVEL = 0;
				GCC_PREPROCESSOR_DEFINITIONS = (
					"DEBUG=1",
					"$(inherited)",
				);
				GCC_WARN_64_TO_32_BIT_CONVERSION = YES;
				GCC_WARN_ABOUT_RETURN_TYPE = YES_ERROR;
				GCC_WARN_UNDECLARED_SELECTOR = YES;
				GCC_WARN_UNINITIALIZED_AUTOS = YES_AGGRESSIVE;
				GCC_WARN_UNUSED_FUNCTION = YES;
				GCC_WARN_UNUSED_VARIABLE = YES;
				IPHONEOS_DEPLOYMENT_TARGET = 13.4;
				MTL_ENABLE_DEBUG_INFO = INCLUDE_SOURCE;
				MTL_FAST_MATH = YES;
				ONLY_ACTIVE_ARCH = YES;
				SDKROOT = iphoneos;
				SWIFT_ACTIVE_COMPILATION_CONDITIONS = DEBUG;
				SWIFT_OPTIMIZATION_LEVEL = "-Onone";
			};
			name = Debug;
		};
		161C5525248A4009002C14B5 /* Release */ = {
			isa = XCBuildConfiguration;
			buildSettings = {
				ALWAYS_SEARCH_USER_PATHS = NO;
				CLANG_ANALYZER_NONNULL = YES;
				CLANG_ANALYZER_NUMBER_OBJECT_CONVERSION = YES_AGGRESSIVE;
				CLANG_CXX_LANGUAGE_STANDARD = "gnu++14";
				CLANG_CXX_LIBRARY = "libc++";
				CLANG_ENABLE_MODULES = YES;
				CLANG_ENABLE_OBJC_ARC = YES;
				CLANG_ENABLE_OBJC_WEAK = YES;
				CLANG_WARN_BLOCK_CAPTURE_AUTORELEASING = YES;
				CLANG_WARN_BOOL_CONVERSION = YES;
				CLANG_WARN_COMMA = YES;
				CLANG_WARN_CONSTANT_CONVERSION = YES;
				CLANG_WARN_DEPRECATED_OBJC_IMPLEMENTATIONS = YES;
				CLANG_WARN_DIRECT_OBJC_ISA_USAGE = YES_ERROR;
				CLANG_WARN_DOCUMENTATION_COMMENTS = YES;
				CLANG_WARN_EMPTY_BODY = YES;
				CLANG_WARN_ENUM_CONVERSION = YES;
				CLANG_WARN_INFINITE_RECURSION = YES;
				CLANG_WARN_INT_CONVERSION = YES;
				CLANG_WARN_NON_LITERAL_NULL_CONVERSION = YES;
				CLANG_WARN_OBJC_IMPLICIT_RETAIN_SELF = YES;
				CLANG_WARN_OBJC_LITERAL_CONVERSION = YES;
				CLANG_WARN_OBJC_ROOT_CLASS = YES_ERROR;
				CLANG_WARN_RANGE_LOOP_ANALYSIS = YES;
				CLANG_WARN_STRICT_PROTOTYPES = YES;
				CLANG_WARN_SUSPICIOUS_MOVE = YES;
				CLANG_WARN_UNGUARDED_AVAILABILITY = YES_AGGRESSIVE;
				CLANG_WARN_UNREACHABLE_CODE = YES;
				CLANG_WARN__DUPLICATE_METHOD_MATCH = YES;
				COPY_PHASE_STRIP = NO;
				DEBUG_INFORMATION_FORMAT = "dwarf-with-dsym";
				ENABLE_NS_ASSERTIONS = NO;
				ENABLE_STRICT_OBJC_MSGSEND = YES;
				GCC_C_LANGUAGE_STANDARD = gnu11;
				GCC_NO_COMMON_BLOCKS = YES;
				GCC_WARN_64_TO_32_BIT_CONVERSION = YES;
				GCC_WARN_ABOUT_RETURN_TYPE = YES_ERROR;
				GCC_WARN_UNDECLARED_SELECTOR = YES;
				GCC_WARN_UNINITIALIZED_AUTOS = YES_AGGRESSIVE;
				GCC_WARN_UNUSED_FUNCTION = YES;
				GCC_WARN_UNUSED_VARIABLE = YES;
				IPHONEOS_DEPLOYMENT_TARGET = 13.4;
				MTL_ENABLE_DEBUG_INFO = NO;
				MTL_FAST_MATH = YES;
				SDKROOT = iphoneos;
				SWIFT_COMPILATION_MODE = wholemodule;
				SWIFT_OPTIMIZATION_LEVEL = "-O";
				VALIDATE_PRODUCT = YES;
			};
			name = Release;
		};
		161C5527248A4009002C14B5 /* Debug */ = {
			isa = XCBuildConfiguration;
			baseConfigurationReference = FB8681FE439766C92F2930F5 /* Pods-AppCentIntershipProject.debug.xcconfig */;
			buildSettings = {
				ASSETCATALOG_COMPILER_APPICON_NAME = AppIcon;
				CODE_SIGN_STYLE = Automatic;
				INFOPLIST_FILE = AppCentIntershipProject/Info.plist;
				LD_RUNPATH_SEARCH_PATHS = (
					"$(inherited)",
					"@executable_path/Frameworks",
				);
				PRODUCT_BUNDLE_IDENTIFIER = armagan.AppCentIntershipProject;
				PRODUCT_NAME = "$(TARGET_NAME)";
				SWIFT_VERSION = 5.0;
				TARGETED_DEVICE_FAMILY = "1,2";
			};
			name = Debug;
		};
		161C5528248A4009002C14B5 /* Release */ = {
			isa = XCBuildConfiguration;
			baseConfigurationReference = 4DBE80DCB7D32556EAF51E04 /* Pods-AppCentIntershipProject.release.xcconfig */;
			buildSettings = {
				ASSETCATALOG_COMPILER_APPICON_NAME = AppIcon;
				CODE_SIGN_STYLE = Automatic;
				INFOPLIST_FILE = AppCentIntershipProject/Info.plist;
				LD_RUNPATH_SEARCH_PATHS = (
					"$(inherited)",
					"@executable_path/Frameworks",
				);
				PRODUCT_BUNDLE_IDENTIFIER = armagan.AppCentIntershipProject;
				PRODUCT_NAME = "$(TARGET_NAME)";
				SWIFT_VERSION = 5.0;
				TARGETED_DEVICE_FAMILY = "1,2";
			};
			name = Release;
		};
/* End XCBuildConfiguration section */

/* Begin XCConfigurationList section */
		161C550D248A4003002C14B5 /* Build configuration list for PBXProject "AppCentIntershipProject" */ = {
			isa = XCConfigurationList;
			buildConfigurations = (
				161C5524248A4009002C14B5 /* Debug */,
				161C5525248A4009002C14B5 /* Release */,
			);
			defaultConfigurationIsVisible = 0;
			defaultConfigurationName = Release;
		};
		161C5526248A4009002C14B5 /* Build configuration list for PBXNativeTarget "AppCentIntershipProject" */ = {
			isa = XCConfigurationList;
			buildConfigurations = (
				161C5527248A4009002C14B5 /* Debug */,
				161C5528248A4009002C14B5 /* Release */,
			);
			defaultConfigurationIsVisible = 0;
			defaultConfigurationName = Release;
		};
/* End XCConfigurationList section */
	};
	rootObject = 161C550A248A4003002C14B5 /* Project object */;
}
